// !$*UTF8*$!
{
	archiveVersion = 1;
	classes = {
	};
	objectVersion = 55;
	objects = {

/* Begin PBXBuildFile section */
		A004D17828E4232C00C5A5E1 /* CSUDetails.swift in Sources */ = {isa = PBXBuildFile; fileRef = A004D17728E4232C00C5A5E1 /* CSUDetails.swift */; };
		A004D17C28E4CE8E00C5A5E1 /* UCDetails.swift in Sources */ = {isa = PBXBuildFile; fileRef = A004D17B28E4CE8E00C5A5E1 /* UCDetails.swift */; };
		A063B43928F8B48A00ADAAAE /* sample.swift in Sources */ = {isa = PBXBuildFile; fileRef = A063B43828F8B48A00ADAAAE /* sample.swift */; };
		A07CC49628D1099400F641C8 /* ScholarFoxv1_0App.swift in Sources */ = {isa = PBXBuildFile; fileRef = A07CC49528D1099400F641C8 /* ScholarFoxv1_0App.swift */; };
		A07CC49828D1099400F641C8 /* ContentView.swift in Sources */ = {isa = PBXBuildFile; fileRef = A07CC49728D1099400F641C8 /* ContentView.swift */; };
		A07CC49A28D1099500F641C8 /* Assets.xcassets in Resources */ = {isa = PBXBuildFile; fileRef = A07CC49928D1099500F641C8 /* Assets.xcassets */; };
		A07CC49D28D1099500F641C8 /* Preview Assets.xcassets in Resources */ = {isa = PBXBuildFile; fileRef = A07CC49C28D1099500F641C8 /* Preview Assets.xcassets */; };
		A07CC4A728D1099500F641C8 /* ScholarFoxv1_0Tests.swift in Sources */ = {isa = PBXBuildFile; fileRef = A07CC4A628D1099500F641C8 /* ScholarFoxv1_0Tests.swift */; };
		A07CC4B128D1099500F641C8 /* ScholarFoxv1_0UITests.swift in Sources */ = {isa = PBXBuildFile; fileRef = A07CC4B028D1099500F641C8 /* ScholarFoxv1_0UITests.swift */; };
		A07CC4B328D1099500F641C8 /* ScholarFoxv1_0UITestsLaunchTests.swift in Sources */ = {isa = PBXBuildFile; fileRef = A07CC4B228D1099500F641C8 /* ScholarFoxv1_0UITestsLaunchTests.swift */; };
		A07CC4C028D109A700F641C8 /* .gitignore in Resources */ = {isa = PBXBuildFile; fileRef = A07CC4BF28D109A700F641C8 /* .gitignore */; };
		A07CC4C228D109BC00F641C8 /* .gitattributes in Resources */ = {isa = PBXBuildFile; fileRef = A07CC4C128D109BC00F641C8 /* .gitattributes */; };
		A07CC4C628D10C7C00F641C8 /* Universities.swift in Sources */ = {isa = PBXBuildFile; fileRef = A07CC4C528D10C7C00F641C8 /* Universities.swift */; };
		A07CC4C828D10CBE00F641C8 /* University.swift in Sources */ = {isa = PBXBuildFile; fileRef = A07CC4C728D10CBE00F641C8 /* University.swift */; };
		A07FCD2928D2E80C00817985 /* CSUCardView.swift in Sources */ = {isa = PBXBuildFile; fileRef = A07FCD2828D2E80C00817985 /* CSUCardView.swift */; };
		A07FCD2B28D3A2C200817985 /* CSUScoll.swift in Sources */ = {isa = PBXBuildFile; fileRef = A07FCD2A28D3A2C200817985 /* CSUScoll.swift */; };
		A07FCD2D28D3C51D00817985 /* UCCardview.swift in Sources */ = {isa = PBXBuildFile; fileRef = A07FCD2C28D3C51D00817985 /* UCCardview.swift */; };
		A0C3B53928D9710300171DBC /* UCScroll.swift in Sources */ = {isa = PBXBuildFile; fileRef = A0C3B53828D9710300171DBC /* UCScroll.swift */; };
		A0DA9BE5291756E0005F0185 /* UCRating.swift in Sources */ = {isa = PBXBuildFile; fileRef = A0DA9BE4291756E0005F0185 /* UCRating.swift */; };
		A0DA9BE7291758D1005F0185 /* admissions.swift in Sources */ = {isa = PBXBuildFile; fileRef = A0DA9BE6291758D1005F0185 /* admissions.swift */; };
		A0DA9BE9291759D3005F0185 /* Financial.swift in Sources */ = {isa = PBXBuildFile; fileRef = A0DA9BE8291759D3005F0185 /* Financial.swift */; };
/* End PBXBuildFile section */

/* Begin PBXContainerItemProxy section */
		A07CC4A328D1099500F641C8 /* PBXContainerItemProxy */ = {
			isa = PBXContainerItemProxy;
			containerPortal = A07CC48A28D1099400F641C8 /* Project object */;
			proxyType = 1;
			remoteGlobalIDString = A07CC49128D1099400F641C8;
			remoteInfo = ScholarFoxv1.0;
		};
		A07CC4AD28D1099500F641C8 /* PBXContainerItemProxy */ = {
			isa = PBXContainerItemProxy;
			containerPortal = A07CC48A28D1099400F641C8 /* Project object */;
			proxyType = 1;
			remoteGlobalIDString = A07CC49128D1099400F641C8;
			remoteInfo = ScholarFoxv1.0;
		};
/* End PBXContainerItemProxy section */

/* Begin PBXFileReference section */
		A004D17728E4232C00C5A5E1 /* CSUDetails.swift */ = {isa = PBXFileReference; lastKnownFileType = sourcecode.swift; path = CSUDetails.swift; sourceTree = "<group>"; };
		A004D17B28E4CE8E00C5A5E1 /* UCDetails.swift */ = {isa = PBXFileReference; lastKnownFileType = sourcecode.swift; path = UCDetails.swift; sourceTree = "<group>"; };
		A063B43828F8B48A00ADAAAE /* sample.swift */ = {isa = PBXFileReference; lastKnownFileType = sourcecode.swift; path = sample.swift; sourceTree = "<group>"; };
		A07CC49228D1099400F641C8 /* ScholarFoxv1.0.app */ = {isa = PBXFileReference; explicitFileType = wrapper.application; includeInIndex = 0; path = ScholarFoxv1.0.app; sourceTree = BUILT_PRODUCTS_DIR; };
		A07CC49528D1099400F641C8 /* ScholarFoxv1_0App.swift */ = {isa = PBXFileReference; lastKnownFileType = sourcecode.swift; path = ScholarFoxv1_0App.swift; sourceTree = "<group>"; };
		A07CC49728D1099400F641C8 /* ContentView.swift */ = {isa = PBXFileReference; lastKnownFileType = sourcecode.swift; path = ContentView.swift; sourceTree = "<group>"; };
		A07CC49928D1099500F641C8 /* Assets.xcassets */ = {isa = PBXFileReference; lastKnownFileType = folder.assetcatalog; path = Assets.xcassets; sourceTree = "<group>"; };
		A07CC49C28D1099500F641C8 /* Preview Assets.xcassets */ = {isa = PBXFileReference; lastKnownFileType = folder.assetcatalog; path = "Preview Assets.xcassets"; sourceTree = "<group>"; };
		A07CC4A228D1099500F641C8 /* ScholarFoxv1.0Tests.xctest */ = {isa = PBXFileReference; explicitFileType = wrapper.cfbundle; includeInIndex = 0; path = ScholarFoxv1.0Tests.xctest; sourceTree = BUILT_PRODUCTS_DIR; };
		A07CC4A628D1099500F641C8 /* ScholarFoxv1_0Tests.swift */ = {isa = PBXFileReference; lastKnownFileType = sourcecode.swift; path = ScholarFoxv1_0Tests.swift; sourceTree = "<group>"; };
		A07CC4AC28D1099500F641C8 /* ScholarFoxv1.0UITests.xctest */ = {isa = PBXFileReference; explicitFileType = wrapper.cfbundle; includeInIndex = 0; path = ScholarFoxv1.0UITests.xctest; sourceTree = BUILT_PRODUCTS_DIR; };
		A07CC4B028D1099500F641C8 /* ScholarFoxv1_0UITests.swift */ = {isa = PBXFileReference; lastKnownFileType = sourcecode.swift; path = ScholarFoxv1_0UITests.swift; sourceTree = "<group>"; };
		A07CC4B228D1099500F641C8 /* ScholarFoxv1_0UITestsLaunchTests.swift */ = {isa = PBXFileReference; lastKnownFileType = sourcecode.swift; path = ScholarFoxv1_0UITestsLaunchTests.swift; sourceTree = "<group>"; };
		A07CC4BF28D109A700F641C8 /* .gitignore */ = {isa = PBXFileReference; lastKnownFileType = text; path = .gitignore; sourceTree = "<group>"; };
		A07CC4C128D109BC00F641C8 /* .gitattributes */ = {isa = PBXFileReference; lastKnownFileType = text; path = .gitattributes; sourceTree = "<group>"; };
		A07CC4C528D10C7C00F641C8 /* Universities.swift */ = {isa = PBXFileReference; lastKnownFileType = sourcecode.swift; path = Universities.swift; sourceTree = "<group>"; };
		A07CC4C728D10CBE00F641C8 /* University.swift */ = {isa = PBXFileReference; lastKnownFileType = sourcecode.swift; path = University.swift; sourceTree = "<group>"; };
		A07FCD2828D2E80C00817985 /* CSUCardView.swift */ = {isa = PBXFileReference; lastKnownFileType = sourcecode.swift; path = CSUCardView.swift; sourceTree = "<group>"; };
		A07FCD2A28D3A2C200817985 /* CSUScoll.swift */ = {isa = PBXFileReference; lastKnownFileType = sourcecode.swift; path = CSUScoll.swift; sourceTree = "<group>"; };
		A07FCD2C28D3C51D00817985 /* UCCardview.swift */ = {isa = PBXFileReference; lastKnownFileType = sourcecode.swift; path = UCCardview.swift; sourceTree = "<group>"; };
		A0C3B53828D9710300171DBC /* UCScroll.swift */ = {isa = PBXFileReference; lastKnownFileType = sourcecode.swift; path = UCScroll.swift; sourceTree = "<group>"; };
		A0DA9BE4291756E0005F0185 /* UCRating.swift */ = {isa = PBXFileReference; lastKnownFileType = sourcecode.swift; path = UCRating.swift; sourceTree = "<group>"; };
		A0DA9BE6291758D1005F0185 /* admissions.swift */ = {isa = PBXFileReference; lastKnownFileType = sourcecode.swift; path = admissions.swift; sourceTree = "<group>"; };
		A0DA9BE8291759D3005F0185 /* Financial.swift */ = {isa = PBXFileReference; lastKnownFileType = sourcecode.swift; path = Financial.swift; sourceTree = "<group>"; };
/* End PBXFileReference section */

/* Begin PBXFrameworksBuildPhase section */
		A07CC48F28D1099400F641C8 /* Frameworks */ = {
			isa = PBXFrameworksBuildPhase;
			buildActionMask = 2147483647;
			files = (
			);
			runOnlyForDeploymentPostprocessing = 0;
		};
		A07CC49F28D1099500F641C8 /* Frameworks */ = {
			isa = PBXFrameworksBuildPhase;
			buildActionMask = 2147483647;
			files = (
			);
			runOnlyForDeploymentPostprocessing = 0;
		};
		A07CC4A928D1099500F641C8 /* Frameworks */ = {
			isa = PBXFrameworksBuildPhase;
			buildActionMask = 2147483647;
			files = (
			);
			runOnlyForDeploymentPostprocessing = 0;
		};
/* End PBXFrameworksBuildPhase section */

/* Begin PBXGroup section */
		A07CC48928D1099400F641C8 = {
			isa = PBXGroup;
			children = (
				A07CC4BF28D109A700F641C8 /* .gitignore */,
				A07CC4C128D109BC00F641C8 /* .gitattributes */,
				A07CC49428D1099400F641C8 /* ScholarFoxv1.0 */,
				A07CC4A528D1099500F641C8 /* ScholarFoxv1.0Tests */,
				A07CC4AF28D1099500F641C8 /* ScholarFoxv1.0UITests */,
				A07CC49328D1099400F641C8 /* Products */,
			);
			sourceTree = "<group>";
		};
		A07CC49328D1099400F641C8 /* Products */ = {
			isa = PBXGroup;
			children = (
				A07CC49228D1099400F641C8 /* ScholarFoxv1.0.app */,
				A07CC4A228D1099500F641C8 /* ScholarFoxv1.0Tests.xctest */,
				A07CC4AC28D1099500F641C8 /* ScholarFoxv1.0UITests.xctest */,
			);
			name = Products;
			sourceTree = "<group>";
		};
		A07CC49428D1099400F641C8 /* ScholarFoxv1.0 */ = {
			isa = PBXGroup;
			children = (
				A07CC4C428D10A1500F641C8 /* UniversityView */,
				A07CC49728D1099400F641C8 /* ContentView.swift */,
				A07CC49528D1099400F641C8 /* ScholarFoxv1_0App.swift */,
				A07CC49928D1099500F641C8 /* Assets.xcassets */,
				A07CC49B28D1099500F641C8 /* Preview Content */,
			);
			path = ScholarFoxv1.0;
			sourceTree = "<group>";
		};
		A07CC49B28D1099500F641C8 /* Preview Content */ = {
			isa = PBXGroup;
			children = (
				A07CC49C28D1099500F641C8 /* Preview Assets.xcassets */,
			);
			path = "Preview Content";
			sourceTree = "<group>";
		};
		A07CC4A528D1099500F641C8 /* ScholarFoxv1.0Tests */ = {
			isa = PBXGroup;
			children = (
				A07CC4A628D1099500F641C8 /* ScholarFoxv1_0Tests.swift */,
			);
			path = ScholarFoxv1.0Tests;
			sourceTree = "<group>";
		};
		A07CC4AF28D1099500F641C8 /* ScholarFoxv1.0UITests */ = {
			isa = PBXGroup;
			children = (
				A07CC4B028D1099500F641C8 /* ScholarFoxv1_0UITests.swift */,
				A07CC4B228D1099500F641C8 /* ScholarFoxv1_0UITestsLaunchTests.swift */,
			);
			path = ScholarFoxv1.0UITests;
			sourceTree = "<group>";
		};
		A07CC4C428D10A1500F641C8 /* UniversityView */ = {
			isa = PBXGroup;
			children = (
				A07CC4C728D10CBE00F641C8 /* University.swift */,
				A07CC4C528D10C7C00F641C8 /* Universities.swift */,
				A063B43828F8B48A00ADAAAE /* sample.swift */,
				A07FCD2828D2E80C00817985 /* CSUCardView.swift */,
				A004D17728E4232C00C5A5E1 /* CSUDetails.swift */,
				A07FCD2A28D3A2C200817985 /* CSUScoll.swift */,
				A07FCD2C28D3C51D00817985 /* UCCardview.swift */,
				A004D17B28E4CE8E00C5A5E1 /* UCDetails.swift */,
				A0DA9BE8291759D3005F0185 /* Financial.swift */,
				A0DA9BE6291758D1005F0185 /* admissions.swift */,
				A0DA9BE4291756E0005F0185 /* UCRating.swift */,
				A0C3B53828D9710300171DBC /* UCScroll.swift */,
			);
			path = UniversityView;
			sourceTree = "<group>";
		};
/* End PBXGroup section */

/* Begin PBXNativeTarget section */
		A07CC49128D1099400F641C8 /* ScholarFoxv1.0 */ = {
			isa = PBXNativeTarget;
			buildConfigurationList = A07CC4B628D1099500F641C8 /* Build configuration list for PBXNativeTarget "ScholarFoxv1.0" */;
			buildPhases = (
				A07CC48E28D1099400F641C8 /* Sources */,
				A07CC48F28D1099400F641C8 /* Frameworks */,
				A07CC49028D1099400F641C8 /* Resources */,
			);
			buildRules = (
			);
			dependencies = (
			);
			name = ScholarFoxv1.0;
			productName = ScholarFoxv1.0;
			productReference = A07CC49228D1099400F641C8 /* ScholarFoxv1.0.app */;
			productType = "com.apple.product-type.application";
		};
		A07CC4A128D1099500F641C8 /* ScholarFoxv1.0Tests */ = {
			isa = PBXNativeTarget;
			buildConfigurationList = A07CC4B928D1099500F641C8 /* Build configuration list for PBXNativeTarget "ScholarFoxv1.0Tests" */;
			buildPhases = (
				A07CC49E28D1099500F641C8 /* Sources */,
				A07CC49F28D1099500F641C8 /* Frameworks */,
				A07CC4A028D1099500F641C8 /* Resources */,
			);
			buildRules = (
			);
			dependencies = (
				A07CC4A428D1099500F641C8 /* PBXTargetDependency */,
			);
			name = ScholarFoxv1.0Tests;
			productName = ScholarFoxv1.0Tests;
			productReference = A07CC4A228D1099500F641C8 /* ScholarFoxv1.0Tests.xctest */;
			productType = "com.apple.product-type.bundle.unit-test";
		};
		A07CC4AB28D1099500F641C8 /* ScholarFoxv1.0UITests */ = {
			isa = PBXNativeTarget;
			buildConfigurationList = A07CC4BC28D1099500F641C8 /* Build configuration list for PBXNativeTarget "ScholarFoxv1.0UITests" */;
			buildPhases = (
				A07CC4A828D1099500F641C8 /* Sources */,
				A07CC4A928D1099500F641C8 /* Frameworks */,
				A07CC4AA28D1099500F641C8 /* Resources */,
			);
			buildRules = (
			);
			dependencies = (
				A07CC4AE28D1099500F641C8 /* PBXTargetDependency */,
			);
			name = ScholarFoxv1.0UITests;
			productName = ScholarFoxv1.0UITests;
			productReference = A07CC4AC28D1099500F641C8 /* ScholarFoxv1.0UITests.xctest */;
			productType = "com.apple.product-type.bundle.ui-testing";
		};
/* End PBXNativeTarget section */

/* Begin PBXProject section */
		A07CC48A28D1099400F641C8 /* Project object */ = {
			isa = PBXProject;
			attributes = {
				BuildIndependentTargetsInParallel = 1;
				LastSwiftUpdateCheck = 1340;
				LastUpgradeCheck = 1340;
				TargetAttributes = {
					A07CC49128D1099400F641C8 = {
						CreatedOnToolsVersion = 13.4.1;
					};
					A07CC4A128D1099500F641C8 = {
						CreatedOnToolsVersion = 13.4.1;
						TestTargetID = A07CC49128D1099400F641C8;
					};
					A07CC4AB28D1099500F641C8 = {
						CreatedOnToolsVersion = 13.4.1;
						TestTargetID = A07CC49128D1099400F641C8;
					};
				};
			};
			buildConfigurationList = A07CC48D28D1099400F641C8 /* Build configuration list for PBXProject "ScholarFoxv1.0" */;
			compatibilityVersion = "Xcode 13.0";
			developmentRegion = en;
			hasScannedForEncodings = 0;
			knownRegions = (
				en,
				Base,
			);
			mainGroup = A07CC48928D1099400F641C8;
			productRefGroup = A07CC49328D1099400F641C8 /* Products */;
			projectDirPath = "";
			projectRoot = "";
			targets = (
				A07CC49128D1099400F641C8 /* ScholarFoxv1.0 */,
				A07CC4A128D1099500F641C8 /* ScholarFoxv1.0Tests */,
				A07CC4AB28D1099500F641C8 /* ScholarFoxv1.0UITests */,
			);
		};
/* End PBXProject section */

/* Begin PBXResourcesBuildPhase section */
		A07CC49028D1099400F641C8 /* Resources */ = {
			isa = PBXResourcesBuildPhase;
			buildActionMask = 2147483647;
			files = (
				A07CC49D28D1099500F641C8 /* Preview Assets.xcassets in Resources */,
				A07CC4C028D109A700F641C8 /* .gitignore in Resources */,
				A07CC49A28D1099500F641C8 /* Assets.xcassets in Resources */,
				A07CC4C228D109BC00F641C8 /* .gitattributes in Resources */,
			);
			runOnlyForDeploymentPostprocessing = 0;
		};
		A07CC4A028D1099500F641C8 /* Resources */ = {
			isa = PBXResourcesBuildPhase;
			buildActionMask = 2147483647;
			files = (
			);
			runOnlyForDeploymentPostprocessing = 0;
		};
		A07CC4AA28D1099500F641C8 /* Resources */ = {
			isa = PBXResourcesBuildPhase;
			buildActionMask = 2147483647;
			files = (
			);
			runOnlyForDeploymentPostprocessing = 0;
		};
/* End PBXResourcesBuildPhase section */

/* Begin PBXSourcesBuildPhase section */
		A07CC48E28D1099400F641C8 /* Sources */ = {
			isa = PBXSourcesBuildPhase;
			buildActionMask = 2147483647;
			files = (
				A0C3B53928D9710300171DBC /* UCScroll.swift in Sources */,
				A0DA9BE7291758D1005F0185 /* admissions.swift in Sources */,
				A004D17828E4232C00C5A5E1 /* CSUDetails.swift in Sources */,
				A004D17C28E4CE8E00C5A5E1 /* UCDetails.swift in Sources */,
				A063B43928F8B48A00ADAAAE /* sample.swift in Sources */,
				A07CC4C628D10C7C00F641C8 /* Universities.swift in Sources */,
				A07FCD2B28D3A2C200817985 /* CSUScoll.swift in Sources */,
				A07FCD2D28D3C51D00817985 /* UCCardview.swift in Sources */,
				A07CC4C828D10CBE00F641C8 /* University.swift in Sources */,
				A0DA9BE9291759D3005F0185 /* Financial.swift in Sources */,
				A07CC49828D1099400F641C8 /* ContentView.swift in Sources */,
				A07FCD2928D2E80C00817985 /* CSUCardView.swift in Sources */,
				A0DA9BE5291756E0005F0185 /* UCRating.swift in Sources */,
				A07CC49628D1099400F641C8 /* ScholarFoxv1_0App.swift in Sources */,
			);
			runOnlyForDeploymentPostprocessing = 0;
		};
		A07CC49E28D1099500F641C8 /* Sources */ = {
			isa = PBXSourcesBuildPhase;
			buildActionMask = 2147483647;
			files = (
				A07CC4A728D1099500F641C8 /* ScholarFoxv1_0Tests.swift in Sources */,
			);
			runOnlyForDeploymentPostprocessing = 0;
		};
		A07CC4A828D1099500F641C8 /* Sources */ = {
			isa = PBXSourcesBuildPhase;
			buildActionMask = 2147483647;
			files = (
				A07CC4B128D1099500F641C8 /* ScholarFoxv1_0UITests.swift in Sources */,
				A07CC4B328D1099500F641C8 /* ScholarFoxv1_0UITestsLaunchTests.swift in Sources */,
			);
			runOnlyForDeploymentPostprocessing = 0;
		};
/* End PBXSourcesBuildPhase section */

/* Begin PBXTargetDependency section */
		A07CC4A428D1099500F641C8 /* PBXTargetDependency */ = {
			isa = PBXTargetDependency;
			target = A07CC49128D1099400F641C8 /* ScholarFoxv1.0 */;
			targetProxy = A07CC4A328D1099500F641C8 /* PBXContainerItemProxy */;
		};
		A07CC4AE28D1099500F641C8 /* PBXTargetDependency */ = {
			isa = PBXTargetDependency;
			target = A07CC49128D1099400F641C8 /* ScholarFoxv1.0 */;
			targetProxy = A07CC4AD28D1099500F641C8 /* PBXContainerItemProxy */;
		};
/* End PBXTargetDependency section */

/* Begin XCBuildConfiguration section */
		A07CC4B428D1099500F641C8 /* Debug */ = {
			isa = XCBuildConfiguration;
			buildSettings = {
				ALWAYS_SEARCH_USER_PATHS = NO;
				CLANG_ANALYZER_NONNULL = YES;
				CLANG_ANALYZER_NUMBER_OBJECT_CONVERSION = YES_AGGRESSIVE;
				CLANG_CXX_LANGUAGE_STANDARD = "gnu++17";
				CLANG_ENABLE_MODULES = YES;
				CLANG_ENABLE_OBJC_ARC = YES;
				CLANG_ENABLE_OBJC_WEAK = YES;
				CLANG_WARN_BLOCK_CAPTURE_AUTORELEASING = YES;
				CLANG_WARN_BOOL_CONVERSION = YES;
				CLANG_WARN_COMMA = YES;
				CLANG_WARN_CONSTANT_CONVERSION = YES;
				CLANG_WARN_DEPRECATED_OBJC_IMPLEMENTATIONS = YES;
				CLANG_WARN_DIRECT_OBJC_ISA_USAGE = YES_ERROR;
				CLANG_WARN_DOCUMENTATION_COMMENTS = YES;
				CLANG_WARN_EMPTY_BODY = YES;
				CLANG_WARN_ENUM_CONVERSION = YES;
				CLANG_WARN_INFINITE_RECURSION = YES;
				CLANG_WARN_INT_CONVERSION = YES;
				CLANG_WARN_NON_LITERAL_NULL_CONVERSION = YES;
				CLANG_WARN_OBJC_IMPLICIT_RETAIN_SELF = YES;
				CLANG_WARN_OBJC_LITERAL_CONVERSION = YES;
				CLANG_WARN_OBJC_ROOT_CLASS = YES_ERROR;
				CLANG_WARN_QUOTED_INCLUDE_IN_FRAMEWORK_HEADER = YES;
				CLANG_WARN_RANGE_LOOP_ANALYSIS = YES;
				CLANG_WARN_STRICT_PROTOTYPES = YES;
				CLANG_WARN_SUSPICIOUS_MOVE = YES;
				CLANG_WARN_UNGUARDED_AVAILABILITY = YES_AGGRESSIVE;
				CLANG_WARN_UNREACHABLE_CODE = YES;
				CLANG_WARN__DUPLICATE_METHOD_MATCH = YES;
				COPY_PHASE_STRIP = NO;
				DEBUG_INFORMATION_FORMAT = dwarf;
				ENABLE_STRICT_OBJC_MSGSEND = YES;
				ENABLE_TESTABILITY = YES;
				GCC_C_LANGUAGE_STANDARD = gnu11;
				GCC_DYNAMIC_NO_PIC = NO;
				GCC_NO_COMMON_BLOCKS = YES;
				GCC_OPTIMIZATION_LEVEL = 0;
				GCC_PREPROCESSOR_DEFINITIONS = (
					"DEBUG=1",
					"$(inherited)",
				);
				GCC_WARN_64_TO_32_BIT_CONVERSION = YES;
				GCC_WARN_ABOUT_RETURN_TYPE = YES_ERROR;
				GCC_WARN_UNDECLARED_SELECTOR = YES;
				GCC_WARN_UNINITIALIZED_AUTOS = YES_AGGRESSIVE;
				GCC_WARN_UNUSED_FUNCTION = YES;
				GCC_WARN_UNUSED_VARIABLE = YES;
				IPHONEOS_DEPLOYMENT_TARGET = 15.5;
				MTL_ENABLE_DEBUG_INFO = INCLUDE_SOURCE;
				MTL_FAST_MATH = YES;
				ONLY_ACTIVE_ARCH = YES;
				SDKROOT = iphoneos;
				SWIFT_ACTIVE_COMPILATION_CONDITIONS = DEBUG;
				SWIFT_OPTIMIZATION_LEVEL = "-Onone";
			};
			name = Debug;
		};
		A07CC4B528D1099500F641C8 /* Release */ = {
			isa = XCBuildConfiguration;
			buildSettings = {
				ALWAYS_SEARCH_USER_PATHS = NO;
				CLANG_ANALYZER_NONNULL = YES;
				CLANG_ANALYZER_NUMBER_OBJECT_CONVERSION = YES_AGGRESSIVE;
				CLANG_CXX_LANGUAGE_STANDARD = "gnu++17";
				CLANG_ENABLE_MODULES = YES;
				CLANG_ENABLE_OBJC_ARC = YES;
				CLANG_ENABLE_OBJC_WEAK = YES;
				CLANG_WARN_BLOCK_CAPTURE_AUTORELEASING = YES;
				CLANG_WARN_BOOL_CONVERSION = YES;
				CLANG_WARN_COMMA = YES;
				CLANG_WARN_CONSTANT_CONVERSION = YES;
				CLANG_WARN_DEPRECATED_OBJC_IMPLEMENTATIONS = YES;
				CLANG_WARN_DIRECT_OBJC_ISA_USAGE = YES_ERROR;
				CLANG_WARN_DOCUMENTATION_COMMENTS = YES;
				CLANG_WARN_EMPTY_BODY = YES;
				CLANG_WARN_ENUM_CONVERSION = YES;
				CLANG_WARN_INFINITE_RECURSION = YES;
				CLANG_WARN_INT_CONVERSION = YES;
				CLANG_WARN_NON_LITERAL_NULL_CONVERSION = YES;
				CLANG_WARN_OBJC_IMPLICIT_RETAIN_SELF = YES;
				CLANG_WARN_OBJC_LITERAL_CONVERSION = YES;
				CLANG_WARN_OBJC_ROOT_CLASS = YES_ERROR;
				CLANG_WARN_QUOTED_INCLUDE_IN_FRAMEWORK_HEADER = YES;
				CLANG_WARN_RANGE_LOOP_ANALYSIS = YES;
				CLANG_WARN_STRICT_PROTOTYPES = YES;
				CLANG_WARN_SUSPICIOUS_MOVE = YES;
				CLANG_WARN_UNGUARDED_AVAILABILITY = YES_AGGRESSIVE;
				CLANG_WARN_UNREACHABLE_CODE = YES;
				CLANG_WARN__DUPLICATE_METHOD_MATCH = YES;
				COPY_PHASE_STRIP = NO;
				DEBUG_INFORMATION_FORMAT = "dwarf-with-dsym";
				ENABLE_NS_ASSERTIONS = NO;
				ENABLE_STRICT_OBJC_MSGSEND = YES;
				GCC_C_LANGUAGE_STANDARD = gnu11;
				GCC_NO_COMMON_BLOCKS = YES;
				GCC_WARN_64_TO_32_BIT_CONVERSION = YES;
				GCC_WARN_ABOUT_RETURN_TYPE = YES_ERROR;
				GCC_WARN_UNDECLARED_SELECTOR = YES;
				GCC_WARN_UNINITIALIZED_AUTOS = YES_AGGRESSIVE;
				GCC_WARN_UNUSED_FUNCTION = YES;
				GCC_WARN_UNUSED_VARIABLE = YES;
				IPHONEOS_DEPLOYMENT_TARGET = 15.5;
				MTL_ENABLE_DEBUG_INFO = NO;
				MTL_FAST_MATH = YES;
				SDKROOT = iphoneos;
				SWIFT_COMPILATION_MODE = wholemodule;
				SWIFT_OPTIMIZATION_LEVEL = "-O";
				VALIDATE_PRODUCT = YES;
			};
			name = Release;
		};
		A07CC4B728D1099500F641C8 /* Debug */ = {
			isa = XCBuildConfiguration;
			buildSettings = {
				ASSETCATALOG_COMPILER_APPICON_NAME = AppIcon;
				ASSETCATALOG_COMPILER_GLOBAL_ACCENT_COLOR_NAME = AccentColor;
				CODE_SIGN_STYLE = Automatic;
				CURRENT_PROJECT_VERSION = 1;
				DEVELOPMENT_ASSET_PATHS = "\"ScholarFoxv1.0/Preview Content\"";
				DEVELOPMENT_TEAM = TU24D8HEB3;
				ENABLE_PREVIEWS = YES;
				GENERATE_INFOPLIST_FILE = YES;
				INFOPLIST_KEY_UIApplicationSceneManifest_Generation = YES;
				INFOPLIST_KEY_UIApplicationSupportsIndirectInputEvents = YES;
				INFOPLIST_KEY_UILaunchScreen_Generation = YES;
				INFOPLIST_KEY_UISupportedInterfaceOrientations_iPad = "UIInterfaceOrientationPortrait UIInterfaceOrientationPortraitUpsideDown UIInterfaceOrientationLandscapeLeft UIInterfaceOrientationLandscapeRight";
				INFOPLIST_KEY_UISupportedInterfaceOrientations_iPhone = "UIInterfaceOrientationPortrait UIInterfaceOrientationLandscapeLeft UIInterfaceOrientationLandscapeRight";
				LD_RUNPATH_SEARCH_PATHS = (
					"$(inherited)",
					"@executable_path/Frameworks",
				);
				MARKETING_VERSION = 1.0;
				PRODUCT_BUNDLE_IDENTIFIER = "luisalvarado-csu.fullerton.edu.ScholarFoxv1-0";
				PRODUCT_NAME = "$(TARGET_NAME)";
				SWIFT_EMIT_LOC_STRINGS = YES;
				SWIFT_VERSION = 5.0;
				TARGETED_DEVICE_FAMILY = "1,2";
			};
			name = Debug;
		};
		A07CC4B828D1099500F641C8 /* Release */ = {
			isa = XCBuildConfiguration;
			buildSettings = {
				ASSETCATALOG_COMPILER_APPICON_NAME = AppIcon;
				ASSETCATALOG_COMPILER_GLOBAL_ACCENT_COLOR_NAME = AccentColor;
				CODE_SIGN_STYLE = Automatic;
				CURRENT_PROJECT_VERSION = 1;
				DEVELOPMENT_ASSET_PATHS = "\"ScholarFoxv1.0/Preview Content\"";
				DEVELOPMENT_TEAM = TU24D8HEB3;
				ENABLE_PREVIEWS = YES;
				GENERATE_INFOPLIST_FILE = YES;
				INFOPLIST_KEY_UIApplicationSceneManifest_Generation = YES;
				INFOPLIST_KEY_UIApplicationSupportsIndirectInputEvents = YES;
				INFOPLIST_KEY_UILaunchScreen_Generation = YES;
				INFOPLIST_KEY_UISupportedInterfaceOrientations_iPad = "UIInterfaceOrientationPortrait UIInterfaceOrientationPortraitUpsideDown UIInterfaceOrientationLandscapeLeft UIInterfaceOrientationLandscapeRight";
				INFOPLIST_KEY_UISupportedInterfaceOrientations_iPhone = "UIInterfaceOrientationPortrait UIInterfaceOrientationLandscapeLeft UIInterfaceOrientationLandscapeRight";
				LD_RUNPATH_SEARCH_PATHS = (
					"$(inherited)",
					"@executable_path/Frameworks",
				);
				MARKETING_VERSION = 1.0;
				PRODUCT_BUNDLE_IDENTIFIER = "luisalvarado-csu.fullerton.edu.ScholarFoxv1-0";
				PRODUCT_NAME = "$(TARGET_NAME)";
				SWIFT_EMIT_LOC_STRINGS = YES;
				SWIFT_VERSION = 5.0;
				TARGETED_DEVICE_FAMILY = "1,2";
			};
			name = Release;
		};
		A07CC4BA28D1099500F641C8 /* Debug */ = {
			isa = XCBuildConfiguration;
			buildSettings = {
				ALWAYS_EMBED_SWIFT_STANDARD_LIBRARIES = YES;
				BUNDLE_LOADER = "$(TEST_HOST)";
				CODE_SIGN_STYLE = Automatic;
				CURRENT_PROJECT_VERSION = 1;
				DEVELOPMENT_TEAM = TU24D8HEB3;
				GENERATE_INFOPLIST_FILE = YES;
				IPHONEOS_DEPLOYMENT_TARGET = 15.5;
				MARKETING_VERSION = 1.0;
				PRODUCT_BUNDLE_IDENTIFIER = "luisalvarado-csu.fullerton.edu.ScholarFoxv1-0Tests";
				PRODUCT_NAME = "$(TARGET_NAME)";
				SWIFT_EMIT_LOC_STRINGS = NO;
				SWIFT_VERSION = 5.0;
				TARGETED_DEVICE_FAMILY = "1,2";
				TEST_HOST = "$(BUILT_PRODUCTS_DIR)/ScholarFoxv1.0.app/ScholarFoxv1.0";
			};
			name = Debug;
		};
		A07CC4BB28D1099500F641C8 /* Release */ = {
			isa = XCBuildConfiguration;
			buildSettings = {
				ALWAYS_EMBED_SWIFT_STANDARD_LIBRARIES = YES;
				BUNDLE_LOADER = "$(TEST_HOST)";
				CODE_SIGN_STYLE = Automatic;
				CURRENT_PROJECT_VERSION = 1;
				DEVELOPMENT_TEAM = TU24D8HEB3;
				GENERATE_INFOPLIST_FILE = YES;
				IPHONEOS_DEPLOYMENT_TARGET = 15.5;
				MARKETING_VERSION = 1.0;
				PRODUCT_BUNDLE_IDENTIFIER = "luisalvarado-csu.fullerton.edu.ScholarFoxv1-0Tests";
				PRODUCT_NAME = "$(TARGET_NAME)";
				SWIFT_EMIT_LOC_STRINGS = NO;
				SWIFT_VERSION = 5.0;
				TARGETED_DEVICE_FAMILY = "1,2";
				TEST_HOST = "$(BUILT_PRODUCTS_DIR)/ScholarFoxv1.0.app/ScholarFoxv1.0";
			};
			name = Release;
		};
		A07CC4BD28D1099500F641C8 /* Debug */ = {
			isa = XCBuildConfiguration;
			buildSettings = {
				ALWAYS_EMBED_SWIFT_STANDARD_LIBRARIES = YES;
				CODE_SIGN_STYLE = Automatic;
				CURRENT_PROJECT_VERSION = 1;
				DEVELOPMENT_TEAM = TU24D8HEB3;
				GENERATE_INFOPLIST_FILE = YES;
				MARKETING_VERSION = 1.0;
				PRODUCT_BUNDLE_IDENTIFIER = "luisalvarado-csu.fullerton.edu.ScholarFoxv1-0UITests";
				PRODUCT_NAME = "$(TARGET_NAME)";
				SWIFT_EMIT_LOC_STRINGS = NO;
				SWIFT_VERSION = 5.0;
				TARGETED_DEVICE_FAMILY = "1,2";
				TEST_TARGET_NAME = ScholarFoxv1.0;
			};
			name = Debug;
		};
		A07CC4BE28D1099500F641C8 /* Release */ = {
			isa = XCBuildConfiguration;
			buildSettings = {
				ALWAYS_EMBED_SWIFT_STANDARD_LIBRARIES = YES;
				CODE_SIGN_STYLE = Automatic;
				CURRENT_PROJECT_VERSION = 1;
				DEVELOPMENT_TEAM = TU24D8HEB3;
				GENERATE_INFOPLIST_FILE = YES;
				MARKETING_VERSION = 1.0;
				PRODUCT_BUNDLE_IDENTIFIER = "luisalvarado-csu.fullerton.edu.ScholarFoxv1-0UITests";
				PRODUCT_NAME = "$(TARGET_NAME)";
				SWIFT_EMIT_LOC_STRINGS = NO;
				SWIFT_VERSION = 5.0;
				TARGETED_DEVICE_FAMILY = "1,2";
				TEST_TARGET_NAME = ScholarFoxv1.0;
			};
			name = Release;
		};
/* End XCBuildConfiguration section */

/* Begin XCConfigurationList section */
		A07CC48D28D1099400F641C8 /* Build configuration list for PBXProject "ScholarFoxv1.0" */ = {
			isa = XCConfigurationList;
			buildConfigurations = (
				A07CC4B428D1099500F641C8 /* Debug */,
				A07CC4B528D1099500F641C8 /* Release */,
			);
			defaultConfigurationIsVisible = 0;
			defaultConfigurationName = Release;
		};
		A07CC4B628D1099500F641C8 /* Build configuration list for PBXNativeTarget "ScholarFoxv1.0" */ = {
			isa = XCConfigurationList;
			buildConfigurations = (
				A07CC4B728D1099500F641C8 /* Debug */,
				A07CC4B828D1099500F641C8 /* Release */,
			);
			defaultConfigurationIsVisible = 0;
			defaultConfigurationName = Release;
		};
		A07CC4B928D1099500F641C8 /* Build configuration list for PBXNativeTarget "ScholarFoxv1.0Tests" */ = {
			isa = XCConfigurationList;
			buildConfigurations = (
				A07CC4BA28D1099500F641C8 /* Debug */,
				A07CC4BB28D1099500F641C8 /* Release */,
			);
			defaultConfigurationIsVisible = 0;
			defaultConfigurationName = Release;
		};
		A07CC4BC28D1099500F641C8 /* Build configuration list for PBXNativeTarget "ScholarFoxv1.0UITests" */ = {
			isa = XCConfigurationList;
			buildConfigurations = (
				A07CC4BD28D1099500F641C8 /* Debug */,
				A07CC4BE28D1099500F641C8 /* Release */,
			);
			defaultConfigurationIsVisible = 0;
			defaultConfigurationName = Release;
		};
/* End XCConfigurationList section */
	};
	rootObject = A07CC48A28D1099400F641C8 /* Project object */;
}
